{
  "name": "zookeeper-test",
  "version": "1.0.0",
  "lockfileVersion": 1,
  "requires": true,
  "dependencies": {
    "async": {
      "version": "2.1.5",
      "resolved": "http://registry.npm.taobao.org/async/download/async-2.1.5.tgz",
      "integrity": "sha1-5YfGhYCZSsZ/xW/4bTrFa9voELw=",
      "requires": {
        "lodash": "4.17.5"
      }
    },
    "lodash": {
      "version": "4.17.5",
      "resolved": "http://registry.npm.taobao.org/lodash/download/lodash-4.17.5.tgz",
      "integrity": "sha1-maktZcAnLevoyWtgV7yPv6O+1RE="
    },
    "nan": {
      "version": "2.5.1",
      "resolved": "http://registry.npm.taobao.org/nan/download/nan-2.5.1.tgz",
      "integrity": "sha1-1bAWkSUzJql6K77p5hxV2NYDUeI="
    },
    "zookeeper": {
      "version": "3.4.9-3",
      "resolved": "http://registry.npm.taobao.org/zookeeper/download/zookeeper-3.4.9-3.tgz",
      "integrity": "sha1-Ek/kARC5lKSkVcK91OMliZ1VZjo=",
      "requires": {
        "async": "2.1.5",
        "lodash": "4.17.5",
        "nan": "2.5.1"
      }
    }
  }
}
